// !$*UTF8*$!
{
	archiveVersion = 1;
	classes = {
	};
	objectVersion = 50;
	objects = {

/* Begin PBXBuildFile section */
		A82C8BD321ED19D90093212B /* Observable+Decodable.swift in Sources */ = {isa = PBXBuildFile; fileRef = A82C8BD221ED19D90093212B /* Observable+Decodable.swift */; };
		A8787AC221DF845C00E59C77 /* AppDelegate.swift in Sources */ = {isa = PBXBuildFile; fileRef = A8787AC121DF845C00E59C77 /* AppDelegate.swift */; };
		A8787AC421DF845C00E59C77 /* IntroViewController.swift in Sources */ = {isa = PBXBuildFile; fileRef = A8787AC321DF845C00E59C77 /* IntroViewController.swift */; };
		A8787AC721DF845C00E59C77 /* IntroViewController.storyboard in Resources */ = {isa = PBXBuildFile; fileRef = A8787AC521DF845C00E59C77 /* IntroViewController.storyboard */; };
		A8787AC921DF845F00E59C77 /* Assets.xcassets in Resources */ = {isa = PBXBuildFile; fileRef = A8787AC821DF845F00E59C77 /* Assets.xcassets */; };
		A8787AD821DFCCB800E59C77 /* Constants.swift in Sources */ = {isa = PBXBuildFile; fileRef = A8787AD721DFCCB700E59C77 /* Constants.swift */; };
		A89CB8DF21DFE08500FEB466 /* QuranEndpoint.swift in Sources */ = {isa = PBXBuildFile; fileRef = A89CB8DE21DFE08500FEB466 /* QuranEndpoint.swift */; };
		A89CB8E521DFE59D00FEB466 /* ContainerViewController.swift in Sources */ = {isa = PBXBuildFile; fileRef = A89CB8E421DFE59D00FEB466 /* ContainerViewController.swift */; };
		A89CB8EE21DFEAAF00FEB466 /* UITableView.swift in Sources */ = {isa = PBXBuildFile; fileRef = A89CB8E921DFEAAF00FEB466 /* UITableView.swift */; };
		A89CB8EF21DFEAAF00FEB466 /* UIStoryboard.swift in Sources */ = {isa = PBXBuildFile; fileRef = A89CB8EA21DFEAAF00FEB466 /* UIStoryboard.swift */; };
		A89CB8F021DFEAAF00FEB466 /* UINavigationController+StatusBarStyle.swift in Sources */ = {isa = PBXBuildFile; fileRef = A89CB8EB21DFEAAF00FEB466 /* UINavigationController+StatusBarStyle.swift */; };
		A89CB8F121DFEAAF00FEB466 /* UIButton + TouchArea.swift in Sources */ = {isa = PBXBuildFile; fileRef = A89CB8EC21DFEAAF00FEB466 /* UIButton + TouchArea.swift */; };
		A89CB8F221DFEAAF00FEB466 /* UICollectionView.swift in Sources */ = {isa = PBXBuildFile; fileRef = A89CB8ED21DFEAAF00FEB466 /* UICollectionView.swift */; };
		A89CB8F421DFEAD400FEB466 /* UIViewController.swift in Sources */ = {isa = PBXBuildFile; fileRef = A89CB8F321DFEAD400FEB466 /* UIViewController.swift */; };
		A89CB8F621DFEB4800FEB466 /* UIView.swift in Sources */ = {isa = PBXBuildFile; fileRef = A89CB8F521DFEB4800FEB466 /* UIView.swift */; };
		A89CB8F821DFEF8800FEB466 /* SplashView.xib in Resources */ = {isa = PBXBuildFile; fileRef = A89CB8F721DFEF8800FEB466 /* SplashView.xib */; };
		A89CB8FA21DFEFED00FEB466 /* ContainerViewModel.swift in Sources */ = {isa = PBXBuildFile; fileRef = A89CB8F921DFEFED00FEB466 /* ContainerViewModel.swift */; };
		A89CB8FD21DFF2C900FEB466 /* IntroViewModel.swift in Sources */ = {isa = PBXBuildFile; fileRef = A89CB8FC21DFF2C900FEB466 /* IntroViewModel.swift */; };
		A89CB8FF21DFF40300FEB466 /* NSObject+Rx.swift in Sources */ = {isa = PBXBuildFile; fileRef = A89CB8FE21DFF40300FEB466 /* NSObject+Rx.swift */; };
		A89CB90121DFF5B600FEB466 /* Languages.swift in Sources */ = {isa = PBXBuildFile; fileRef = A89CB90021DFF5B600FEB466 /* Languages.swift */; };
		A89CB90321DFFDEE00FEB466 /* Data+extension.swift in Sources */ = {isa = PBXBuildFile; fileRef = A89CB90221DFFDEE00FEB466 /* Data+extension.swift */; };
		A8B2E17621F0C00F0058ED6A /* Ayats.swift in Sources */ = {isa = PBXBuildFile; fileRef = A8B2E17521F0C00F0058ED6A /* Ayats.swift */; };
		A8B2E17821F0C02C0058ED6A /* Words.swift in Sources */ = {isa = PBXBuildFile; fileRef = A8B2E17721F0C02C0058ED6A /* Words.swift */; };
		A8EA5F4E21E6967500474F17 /* Preferences.swift in Sources */ = {isa = PBXBuildFile; fileRef = A8EA5F4D21E6967500474F17 /* Preferences.swift */; };
		A8EA5F6221E91DE400474F17 /* DownloadViewController.storyboard in Resources */ = {isa = PBXBuildFile; fileRef = A8EA5F6121E91DE400474F17 /* DownloadViewController.storyboard */; };
		A8EA5F6421E91DFA00474F17 /* DownloadViewController.swift in Sources */ = {isa = PBXBuildFile; fileRef = A8EA5F6321E91DFA00474F17 /* DownloadViewController.swift */; };
		A8EA5F6621E92FA400474F17 /* DownloadViewModel.swift in Sources */ = {isa = PBXBuildFile; fileRef = A8EA5F6521E92FA400474F17 /* DownloadViewModel.swift */; };
		A8EA5F6C21EA35F300474F17 /* SurasViewController.swift in Sources */ = {isa = PBXBuildFile; fileRef = A8EA5F6B21EA35F200474F17 /* SurasViewController.swift */; };
		A8EA5F6E21EA35FF00474F17 /* SurasViewController.storyboard in Resources */ = {isa = PBXBuildFile; fileRef = A8EA5F6D21EA35FF00474F17 /* SurasViewController.storyboard */; };
		A8EA5F7221EA3E1C00474F17 /* Sura.swift in Sources */ = {isa = PBXBuildFile; fileRef = A8EA5F7121EA3E1C00474F17 /* Sura.swift */; };
		A8EA5F7621EA9DCF00474F17 /* ChapterCell.swift in Sources */ = {isa = PBXBuildFile; fileRef = A8EA5F7521EA9DCF00474F17 /* ChapterCell.swift */; };
		A8EA5F7821EA9DE300474F17 /* ChapterCell.xib in Resources */ = {isa = PBXBuildFile; fileRef = A8EA5F7721EA9DE300474F17 /* ChapterCell.xib */; };
		A8EA5F7B21EBAC4E00474F17 /* SuraDetailViewController.swift in Sources */ = {isa = PBXBuildFile; fileRef = A8EA5F7A21EBAC4E00474F17 /* SuraDetailViewController.swift */; };
		A8EA5F7D21EBAC5C00474F17 /* SuraDetailViewController.storyboard in Resources */ = {isa = PBXBuildFile; fileRef = A8EA5F7C21EBAC5C00474F17 /* SuraDetailViewController.storyboard */; };
		A8EA5F7F21EBAC7700474F17 /* SuraDetailViewModel.swift in Sources */ = {isa = PBXBuildFile; fileRef = A8EA5F7E21EBAC7700474F17 /* SuraDetailViewModel.swift */; };
		A8EA5F8221EBB15D00474F17 /* QuranDB.swift in Sources */ = {isa = PBXBuildFile; fileRef = A8EA5F8121EBB15D00474F17 /* QuranDB.swift */; };
		A8EA5F8421EBF03E00474F17 /* quranDB.db in Resources */ = {isa = PBXBuildFile; fileRef = A8EA5F6F21EA365600474F17 /* quranDB.db */; };
		A8EA5F8721EC032E00474F17 /* AyahCell.swift in Sources */ = {isa = PBXBuildFile; fileRef = A8EA5F8621EC032E00474F17 /* AyahCell.swift */; };
		A8EA5F8921EC033D00474F17 /* AyahCell.xib in Resources */ = {isa = PBXBuildFile; fileRef = A8EA5F8821EC033D00474F17 /* AyahCell.xib */; };
		A8EA5F8B21EC821B00474F17 /* Translation.swift in Sources */ = {isa = PBXBuildFile; fileRef = A8EA5F8A21EC821B00474F17 /* Translation.swift */; };
		A8EA5F8F21EC858B00474F17 /* WordTranslation.swift in Sources */ = {isa = PBXBuildFile; fileRef = A8EA5F8E21EC858B00474F17 /* WordTranslation.swift */; };
		ECB51AFBE3A4C9301164A625 /* Pods_QuranAcademy.framework in Frameworks */ = {isa = PBXBuildFile; fileRef = 51396DBBEE9087E256C88C41 /* Pods_QuranAcademy.framework */; };
/* End PBXBuildFile section */

/* Begin PBXFileReference section */
		51396DBBEE9087E256C88C41 /* Pods_QuranAcademy.framework */ = {isa = PBXFileReference; explicitFileType = wrapper.framework; includeInIndex = 0; path = Pods_QuranAcademy.framework; sourceTree = BUILT_PRODUCTS_DIR; };
		600C998A32E4979A7C2FF589 /* Pods-QuranAcademy.release.xcconfig */ = {isa = PBXFileReference; includeInIndex = 1; lastKnownFileType = text.xcconfig; name = "Pods-QuranAcademy.release.xcconfig"; path = "Pods/Target Support Files/Pods-QuranAcademy/Pods-QuranAcademy.release.xcconfig"; sourceTree = "<group>"; };
		A82C8BD221ED19D90093212B /* Observable+Decodable.swift */ = {isa = PBXFileReference; lastKnownFileType = sourcecode.swift; path = "Observable+Decodable.swift"; sourceTree = "<group>"; };
		A8787ABE21DF845C00E59C77 /* QuranAcademy.app */ = {isa = PBXFileReference; explicitFileType = wrapper.application; includeInIndex = 0; path = QuranAcademy.app; sourceTree = BUILT_PRODUCTS_DIR; };
		A8787AC121DF845C00E59C77 /* AppDelegate.swift */ = {isa = PBXFileReference; lastKnownFileType = sourcecode.swift; path = AppDelegate.swift; sourceTree = "<group>"; };
		A8787AC321DF845C00E59C77 /* IntroViewController.swift */ = {isa = PBXFileReference; lastKnownFileType = sourcecode.swift; path = IntroViewController.swift; sourceTree = "<group>"; };
		A8787AC621DF845C00E59C77 /* Base */ = {isa = PBXFileReference; lastKnownFileType = file.storyboard; name = Base; path = Base.lproj/IntroViewController.storyboard; sourceTree = "<group>"; };
		A8787AC821DF845F00E59C77 /* Assets.xcassets */ = {isa = PBXFileReference; lastKnownFileType = folder.assetcatalog; path = Assets.xcassets; sourceTree = "<group>"; };
		A8787ACD21DF845F00E59C77 /* Info.plist */ = {isa = PBXFileReference; lastKnownFileType = text.plist.xml; path = Info.plist; sourceTree = "<group>"; };
		A8787AD721DFCCB700E59C77 /* Constants.swift */ = {isa = PBXFileReference; lastKnownFileType = sourcecode.swift; path = Constants.swift; sourceTree = "<group>"; };
		A89CB8DE21DFE08500FEB466 /* QuranEndpoint.swift */ = {isa = PBXFileReference; lastKnownFileType = sourcecode.swift; path = QuranEndpoint.swift; sourceTree = "<group>"; };
		A89CB8E421DFE59D00FEB466 /* ContainerViewController.swift */ = {isa = PBXFileReference; lastKnownFileType = sourcecode.swift; path = ContainerViewController.swift; sourceTree = "<group>"; };
		A89CB8E921DFEAAF00FEB466 /* UITableView.swift */ = {isa = PBXFileReference; fileEncoding = 4; lastKnownFileType = sourcecode.swift; path = UITableView.swift; sourceTree = "<group>"; };
		A89CB8EA21DFEAAF00FEB466 /* UIStoryboard.swift */ = {isa = PBXFileReference; fileEncoding = 4; lastKnownFileType = sourcecode.swift; path = UIStoryboard.swift; sourceTree = "<group>"; };
		A89CB8EB21DFEAAF00FEB466 /* UINavigationController+StatusBarStyle.swift */ = {isa = PBXFileReference; fileEncoding = 4; lastKnownFileType = sourcecode.swift; path = "UINavigationController+StatusBarStyle.swift"; sourceTree = "<group>"; };
		A89CB8EC21DFEAAF00FEB466 /* UIButton + TouchArea.swift */ = {isa = PBXFileReference; fileEncoding = 4; lastKnownFileType = sourcecode.swift; path = "UIButton + TouchArea.swift"; sourceTree = "<group>"; };
		A89CB8ED21DFEAAF00FEB466 /* UICollectionView.swift */ = {isa = PBXFileReference; fileEncoding = 4; lastKnownFileType = sourcecode.swift; path = UICollectionView.swift; sourceTree = "<group>"; };
		A89CB8F321DFEAD400FEB466 /* UIViewController.swift */ = {isa = PBXFileReference; fileEncoding = 4; lastKnownFileType = sourcecode.swift; path = UIViewController.swift; sourceTree = "<group>"; };
		A89CB8F521DFEB4800FEB466 /* UIView.swift */ = {isa = PBXFileReference; fileEncoding = 4; lastKnownFileType = sourcecode.swift; path = UIView.swift; sourceTree = "<group>"; };
		A89CB8F721DFEF8800FEB466 /* SplashView.xib */ = {isa = PBXFileReference; lastKnownFileType = file.xib; path = SplashView.xib; sourceTree = "<group>"; };
		A89CB8F921DFEFED00FEB466 /* ContainerViewModel.swift */ = {isa = PBXFileReference; lastKnownFileType = sourcecode.swift; path = ContainerViewModel.swift; sourceTree = "<group>"; };
		A89CB8FC21DFF2C900FEB466 /* IntroViewModel.swift */ = {isa = PBXFileReference; lastKnownFileType = sourcecode.swift; path = IntroViewModel.swift; sourceTree = "<group>"; };
		A89CB8FE21DFF40300FEB466 /* NSObject+Rx.swift */ = {isa = PBXFileReference; fileEncoding = 4; lastKnownFileType = sourcecode.swift; path = "NSObject+Rx.swift"; sourceTree = "<group>"; };
		A89CB90021DFF5B600FEB466 /* Languages.swift */ = {isa = PBXFileReference; lastKnownFileType = sourcecode.swift; path = Languages.swift; sourceTree = "<group>"; };
		A89CB90221DFFDEE00FEB466 /* Data+extension.swift */ = {isa = PBXFileReference; fileEncoding = 4; lastKnownFileType = sourcecode.swift; path = "Data+extension.swift"; sourceTree = "<group>"; };
		A8B2E17521F0C00F0058ED6A /* Ayats.swift */ = {isa = PBXFileReference; lastKnownFileType = sourcecode.swift; path = Ayats.swift; sourceTree = "<group>"; };
		A8B2E17721F0C02C0058ED6A /* Words.swift */ = {isa = PBXFileReference; lastKnownFileType = sourcecode.swift; path = Words.swift; sourceTree = "<group>"; };
		A8EA5F4D21E6967500474F17 /* Preferences.swift */ = {isa = PBXFileReference; lastKnownFileType = sourcecode.swift; path = Preferences.swift; sourceTree = "<group>"; };
		A8EA5F6121E91DE400474F17 /* DownloadViewController.storyboard */ = {isa = PBXFileReference; lastKnownFileType = file.storyboard; path = DownloadViewController.storyboard; sourceTree = "<group>"; };
		A8EA5F6321E91DFA00474F17 /* DownloadViewController.swift */ = {isa = PBXFileReference; lastKnownFileType = sourcecode.swift; path = DownloadViewController.swift; sourceTree = "<group>"; };
		A8EA5F6521E92FA400474F17 /* DownloadViewModel.swift */ = {isa = PBXFileReference; lastKnownFileType = sourcecode.swift; path = DownloadViewModel.swift; sourceTree = "<group>"; };
		A8EA5F6B21EA35F200474F17 /* SurasViewController.swift */ = {isa = PBXFileReference; lastKnownFileType = sourcecode.swift; path = SurasViewController.swift; sourceTree = "<group>"; };
		A8EA5F6D21EA35FF00474F17 /* SurasViewController.storyboard */ = {isa = PBXFileReference; lastKnownFileType = file.storyboard; path = SurasViewController.storyboard; sourceTree = "<group>"; };
		A8EA5F6F21EA365600474F17 /* quranDB.db */ = {isa = PBXFileReference; lastKnownFileType = file; path = quranDB.db; sourceTree = "<group>"; };
		A8EA5F7121EA3E1C00474F17 /* Sura.swift */ = {isa = PBXFileReference; lastKnownFileType = sourcecode.swift; path = Sura.swift; sourceTree = "<group>"; };
		A8EA5F7521EA9DCF00474F17 /* ChapterCell.swift */ = {isa = PBXFileReference; lastKnownFileType = sourcecode.swift; path = ChapterCell.swift; sourceTree = "<group>"; };
		A8EA5F7721EA9DE300474F17 /* ChapterCell.xib */ = {isa = PBXFileReference; lastKnownFileType = file.xib; path = ChapterCell.xib; sourceTree = "<group>"; };
		A8EA5F7A21EBAC4E00474F17 /* SuraDetailViewController.swift */ = {isa = PBXFileReference; lastKnownFileType = sourcecode.swift; path = SuraDetailViewController.swift; sourceTree = "<group>"; };
		A8EA5F7C21EBAC5C00474F17 /* SuraDetailViewController.storyboard */ = {isa = PBXFileReference; lastKnownFileType = file.storyboard; path = SuraDetailViewController.storyboard; sourceTree = "<group>"; };
		A8EA5F7E21EBAC7700474F17 /* SuraDetailViewModel.swift */ = {isa = PBXFileReference; lastKnownFileType = sourcecode.swift; path = SuraDetailViewModel.swift; sourceTree = "<group>"; };
		A8EA5F8121EBB15D00474F17 /* QuranDB.swift */ = {isa = PBXFileReference; lastKnownFileType = sourcecode.swift; path = QuranDB.swift; sourceTree = "<group>"; };
		A8EA5F8621EC032E00474F17 /* AyahCell.swift */ = {isa = PBXFileReference; lastKnownFileType = sourcecode.swift; path = AyahCell.swift; sourceTree = "<group>"; };
		A8EA5F8821EC033D00474F17 /* AyahCell.xib */ = {isa = PBXFileReference; lastKnownFileType = file.xib; path = AyahCell.xib; sourceTree = "<group>"; };
		A8EA5F8A21EC821B00474F17 /* Translation.swift */ = {isa = PBXFileReference; lastKnownFileType = sourcecode.swift; path = Translation.swift; sourceTree = "<group>"; };
		A8EA5F8E21EC858B00474F17 /* WordTranslation.swift */ = {isa = PBXFileReference; lastKnownFileType = sourcecode.swift; path = WordTranslation.swift; sourceTree = "<group>"; };
		BF9DDD86D1739E6CF49D4342 /* Pods-QuranAcademy.debug.xcconfig */ = {isa = PBXFileReference; includeInIndex = 1; lastKnownFileType = text.xcconfig; name = "Pods-QuranAcademy.debug.xcconfig"; path = "Pods/Target Support Files/Pods-QuranAcademy/Pods-QuranAcademy.debug.xcconfig"; sourceTree = "<group>"; };
/* End PBXFileReference section */

/* Begin PBXFrameworksBuildPhase section */
		A8787ABB21DF845C00E59C77 /* Frameworks */ = {
			isa = PBXFrameworksBuildPhase;
			buildActionMask = 2147483647;
			files = (
				ECB51AFBE3A4C9301164A625 /* Pods_QuranAcademy.framework in Frameworks */,
			);
			runOnlyForDeploymentPostprocessing = 0;
		};
/* End PBXFrameworksBuildPhase section */

/* Begin PBXGroup section */
		40CEF8DE9DE85C793DEB4614 /* Pods */ = {
			isa = PBXGroup;
			children = (
				BF9DDD86D1739E6CF49D4342 /* Pods-QuranAcademy.debug.xcconfig */,
				600C998A32E4979A7C2FF589 /* Pods-QuranAcademy.release.xcconfig */,
			);
			name = Pods;
			sourceTree = "<group>";
		};
		A8787AB521DF845C00E59C77 = {
			isa = PBXGroup;
			children = (
				A8787AC021DF845C00E59C77 /* QuranAcademy */,
				A8787ABF21DF845C00E59C77 /* Products */,
				40CEF8DE9DE85C793DEB4614 /* Pods */,
				F74B8D7F5BE3DC373759B319 /* Frameworks */,
			);
			sourceTree = "<group>";
		};
		A8787ABF21DF845C00E59C77 /* Products */ = {
			isa = PBXGroup;
			children = (
				A8787ABE21DF845C00E59C77 /* QuranAcademy.app */,
			);
			name = Products;
			sourceTree = "<group>";
		};
		A8787AC021DF845C00E59C77 /* QuranAcademy */ = {
			isa = PBXGroup;
			children = (
				A8787AC121DF845C00E59C77 /* AppDelegate.swift */,
				A8787AC821DF845F00E59C77 /* Assets.xcassets */,
				A8787AD321DFCB2700E59C77 /* Network */,
				A8787AD621DFCCA400E59C77 /* Utilities */,
				A8EA5F8C21EC84A900474F17 /* SQLiteDatabase */,
				A8EA5F7021EA3DF900474F17 /* Models */,
				A89CB8E621DFEA2D00FEB466 /* Extensions */,
				A89CB8E221DFE34100FEB466 /* Screens */,
				A8787AD921DFCEA200E59C77 /* Supporting Files */,
			);
			path = QuranAcademy;
			sourceTree = "<group>";
		};
		A8787AD321DFCB2700E59C77 /* Network */ = {
			isa = PBXGroup;
			children = (
				A89CB8DE21DFE08500FEB466 /* QuranEndpoint.swift */,
			);
			path = Network;
			sourceTree = "<group>";
		};
		A8787AD621DFCCA400E59C77 /* Utilities */ = {
			isa = PBXGroup;
			children = (
				A8787AD721DFCCB700E59C77 /* Constants.swift */,
				A8EA5F4D21E6967500474F17 /* Preferences.swift */,
			);
			path = Utilities;
			sourceTree = "<group>";
		};
		A8787AD921DFCEA200E59C77 /* Supporting Files */ = {
			isa = PBXGroup;
			children = (
				A8EA5F6F21EA365600474F17 /* quranDB.db */,
				A8787ACD21DF845F00E59C77 /* Info.plist */,
				A89CB8F721DFEF8800FEB466 /* SplashView.xib */,
			);
			path = "Supporting Files";
			sourceTree = "<group>";
		};
		A89CB8E221DFE34100FEB466 /* Screens */ = {
			isa = PBXGroup;
			children = (
				A89CB8E321DFE58A00FEB466 /* Container */,
				A8EA5F6921E9459F00474F17 /* Intro */,
				A8EA5F7921EBAC3600474F17 /* SuraDetail */,
				A8EA5F6A21EA35D600474F17 /* Suras */,
				A8EA5F5C21E8F17000474F17 /* Download */,
			);
			path = Screens;
			sourceTree = "<group>";
		};
		A89CB8E321DFE58A00FEB466 /* Container */ = {
			isa = PBXGroup;
			children = (
				A89CB8E421DFE59D00FEB466 /* ContainerViewController.swift */,
				A89CB8F921DFEFED00FEB466 /* ContainerViewModel.swift */,
			);
			path = Container;
			sourceTree = "<group>";
		};
		A89CB8E621DFEA2D00FEB466 /* Extensions */ = {
			isa = PBXGroup;
			children = (
				A89CB90221DFFDEE00FEB466 /* Data+extension.swift */,
				A89CB8FE21DFF40300FEB466 /* NSObject+Rx.swift */,
				A89CB8EC21DFEAAF00FEB466 /* UIButton + TouchArea.swift */,
				A89CB8ED21DFEAAF00FEB466 /* UICollectionView.swift */,
				A89CB8EB21DFEAAF00FEB466 /* UINavigationController+StatusBarStyle.swift */,
				A89CB8EA21DFEAAF00FEB466 /* UIStoryboard.swift */,
				A89CB8E921DFEAAF00FEB466 /* UITableView.swift */,
				A89CB8F521DFEB4800FEB466 /* UIView.swift */,
				A89CB8F321DFEAD400FEB466 /* UIViewController.swift */,
				A82C8BD221ED19D90093212B /* Observable+Decodable.swift */,
			);
			path = Extensions;
			sourceTree = "<group>";
		};
		A8EA5F5C21E8F17000474F17 /* Download */ = {
			isa = PBXGroup;
			children = (
				A8EA5F6121E91DE400474F17 /* DownloadViewController.storyboard */,
				A8EA5F6321E91DFA00474F17 /* DownloadViewController.swift */,
				A8EA5F6521E92FA400474F17 /* DownloadViewModel.swift */,
			);
			path = Download;
			sourceTree = "<group>";
		};
		A8EA5F6921E9459F00474F17 /* Intro */ = {
			isa = PBXGroup;
			children = (
				A89CB8FC21DFF2C900FEB466 /* IntroViewModel.swift */,
				A8787AC321DF845C00E59C77 /* IntroViewController.swift */,
				A8787AC521DF845C00E59C77 /* IntroViewController.storyboard */,
			);
			name = Intro;
			path = Intro/Intro;
			sourceTree = "<group>";
		};
		A8EA5F6A21EA35D600474F17 /* Suras */ = {
			isa = PBXGroup;
			children = (
				A8EA5F7421EA9DBD00474F17 /* Cell */,
				A8EA5F6B21EA35F200474F17 /* SurasViewController.swift */,
				A8EA5F6D21EA35FF00474F17 /* SurasViewController.storyboard */,
			);
			path = Suras;
			sourceTree = "<group>";
		};
		A8EA5F7021EA3DF900474F17 /* Models */ = {
			isa = PBXGroup;
			children = (
				A89CB90021DFF5B600FEB466 /* Languages.swift */,
				A8EA5F7121EA3E1C00474F17 /* Sura.swift */,
				A8EA5F8A21EC821B00474F17 /* Translation.swift */,
				A8EA5F8E21EC858B00474F17 /* WordTranslation.swift */,
				A8B2E17521F0C00F0058ED6A /* Ayats.swift */,
				A8B2E17721F0C02C0058ED6A /* Words.swift */,
			);
			path = Models;
			sourceTree = "<group>";
		};
		A8EA5F7421EA9DBD00474F17 /* Cell */ = {
			isa = PBXGroup;
			children = (
				A8EA5F7521EA9DCF00474F17 /* ChapterCell.swift */,
				A8EA5F7721EA9DE300474F17 /* ChapterCell.xib */,
			);
			path = Cell;
			sourceTree = "<group>";
		};
		A8EA5F7921EBAC3600474F17 /* SuraDetail */ = {
			isa = PBXGroup;
			children = (
				A8EA5F8521EC026E00474F17 /* Cell */,
				A8EA5F7E21EBAC7700474F17 /* SuraDetailViewModel.swift */,
				A8EA5F7A21EBAC4E00474F17 /* SuraDetailViewController.swift */,
				A8EA5F7C21EBAC5C00474F17 /* SuraDetailViewController.storyboard */,
			);
			path = SuraDetail;
			sourceTree = "<group>";
		};
		A8EA5F8521EC026E00474F17 /* Cell */ = {
			isa = PBXGroup;
			children = (
				A8EA5F8621EC032E00474F17 /* AyahCell.swift */,
				A8EA5F8821EC033D00474F17 /* AyahCell.xib */,
			);
			path = Cell;
			sourceTree = "<group>";
		};
		A8EA5F8C21EC84A900474F17 /* SQLiteDatabase */ = {
			isa = PBXGroup;
			children = (
				A8EA5F8121EBB15D00474F17 /* QuranDB.swift */,
			);
			path = SQLiteDatabase;
			sourceTree = "<group>";
		};
		F74B8D7F5BE3DC373759B319 /* Frameworks */ = {
			isa = PBXGroup;
			children = (
				51396DBBEE9087E256C88C41 /* Pods_QuranAcademy.framework */,
			);
			name = Frameworks;
			sourceTree = "<group>";
		};
/* End PBXGroup section */

/* Begin PBXNativeTarget section */
		A8787ABD21DF845C00E59C77 /* QuranAcademy */ = {
			isa = PBXNativeTarget;
			buildConfigurationList = A8787AD021DF845F00E59C77 /* Build configuration list for PBXNativeTarget "QuranAcademy" */;
			buildPhases = (
				E8C897FA23523DD4572CEB81 /* [CP] Check Pods Manifest.lock */,
				A8787ABA21DF845C00E59C77 /* Sources */,
				A8787ABB21DF845C00E59C77 /* Frameworks */,
				A8787ABC21DF845C00E59C77 /* Resources */,
				A577803E197544EBA83C8537 /* [CP] Embed Pods Frameworks */,
			);
			buildRules = (
			);
			dependencies = (
			);
			name = QuranAcademy;
			productName = QuranAcademy;
			productReference = A8787ABE21DF845C00E59C77 /* QuranAcademy.app */;
			productType = "com.apple.product-type.application";
		};
/* End PBXNativeTarget section */

/* Begin PBXProject section */
		A8787AB621DF845C00E59C77 /* Project object */ = {
			isa = PBXProject;
			attributes = {
				LastSwiftUpdateCheck = 1010;
				LastUpgradeCheck = 1010;
				ORGANIZATIONNAME = Ayub;
				TargetAttributes = {
					A8787ABD21DF845C00E59C77 = {
						CreatedOnToolsVersion = 10.1;
					};
				};
			};
			buildConfigurationList = A8787AB921DF845C00E59C77 /* Build configuration list for PBXProject "QuranAcademy" */;
			compatibilityVersion = "Xcode 9.3";
			developmentRegion = en;
			hasScannedForEncodings = 0;
			knownRegions = (
				en,
				Base,
			);
			mainGroup = A8787AB521DF845C00E59C77;
			productRefGroup = A8787ABF21DF845C00E59C77 /* Products */;
			projectDirPath = "";
			projectRoot = "";
			targets = (
				A8787ABD21DF845C00E59C77 /* QuranAcademy */,
			);
		};
/* End PBXProject section */

/* Begin PBXResourcesBuildPhase section */
		A8787ABC21DF845C00E59C77 /* Resources */ = {
			isa = PBXResourcesBuildPhase;
			buildActionMask = 2147483647;
			files = (
				A8EA5F8421EBF03E00474F17 /* quranDB.db in Resources */,
				A89CB8F821DFEF8800FEB466 /* SplashView.xib in Resources */,
				A8EA5F8921EC033D00474F17 /* AyahCell.xib in Resources */,
				A8EA5F6221E91DE400474F17 /* DownloadViewController.storyboard in Resources */,
				A8EA5F7821EA9DE300474F17 /* ChapterCell.xib in Resources */,
				A8787AC921DF845F00E59C77 /* Assets.xcassets in Resources */,
				A8EA5F6E21EA35FF00474F17 /* SurasViewController.storyboard in Resources */,
				A8EA5F7D21EBAC5C00474F17 /* SuraDetailViewController.storyboard in Resources */,
				A8787AC721DF845C00E59C77 /* IntroViewController.storyboard in Resources */,
			);
			runOnlyForDeploymentPostprocessing = 0;
		};
/* End PBXResourcesBuildPhase section */

/* Begin PBXShellScriptBuildPhase section */
		A577803E197544EBA83C8537 /* [CP] Embed Pods Frameworks */ = {
			isa = PBXShellScriptBuildPhase;
			buildActionMask = 2147483647;
			files = (
			);
			inputPaths = (
				"${SRCROOT}/Pods/Target Support Files/Pods-QuranAcademy/Pods-QuranAcademy-frameworks.sh",
				"${BUILT_PRODUCTS_DIR}/Alamofire/Alamofire.framework",
				"${BUILT_PRODUCTS_DIR}/Moya/Moya.framework",
				"${BUILT_PRODUCTS_DIR}/Result/Result.framework",
				"${BUILT_PRODUCTS_DIR}/RxAtomic/RxAtomic.framework",
				"${BUILT_PRODUCTS_DIR}/RxCocoa/RxCocoa.framework",
				"${BUILT_PRODUCTS_DIR}/RxSwift/RxSwift.framework",
				"${BUILT_PRODUCTS_DIR}/RxSwiftExt/RxSwiftExt.framework",
				"${BUILT_PRODUCTS_DIR}/SQLite.swift/SQLite.framework",
			);
			name = "[CP] Embed Pods Frameworks";
			outputPaths = (
				"${TARGET_BUILD_DIR}/${FRAMEWORKS_FOLDER_PATH}/Alamofire.framework",
				"${TARGET_BUILD_DIR}/${FRAMEWORKS_FOLDER_PATH}/Moya.framework",
				"${TARGET_BUILD_DIR}/${FRAMEWORKS_FOLDER_PATH}/Result.framework",
				"${TARGET_BUILD_DIR}/${FRAMEWORKS_FOLDER_PATH}/RxAtomic.framework",
				"${TARGET_BUILD_DIR}/${FRAMEWORKS_FOLDER_PATH}/RxCocoa.framework",
				"${TARGET_BUILD_DIR}/${FRAMEWORKS_FOLDER_PATH}/RxSwift.framework",
				"${TARGET_BUILD_DIR}/${FRAMEWORKS_FOLDER_PATH}/RxSwiftExt.framework",
				"${TARGET_BUILD_DIR}/${FRAMEWORKS_FOLDER_PATH}/SQLite.framework",
			);
			runOnlyForDeploymentPostprocessing = 0;
			shellPath = /bin/sh;
			shellScript = "\"${SRCROOT}/Pods/Target Support Files/Pods-QuranAcademy/Pods-QuranAcademy-frameworks.sh\"\n";
			showEnvVarsInLog = 0;
		};
		E8C897FA23523DD4572CEB81 /* [CP] Check Pods Manifest.lock */ = {
			isa = PBXShellScriptBuildPhase;
			buildActionMask = 2147483647;
			files = (
			);
			inputPaths = (
				"${PODS_PODFILE_DIR_PATH}/Podfile.lock",
				"${PODS_ROOT}/Manifest.lock",
			);
			name = "[CP] Check Pods Manifest.lock";
			outputPaths = (
				"$(DERIVED_FILE_DIR)/Pods-QuranAcademy-checkManifestLockResult.txt",
			);
			runOnlyForDeploymentPostprocessing = 0;
			shellPath = /bin/sh;
			shellScript = "diff \"${PODS_PODFILE_DIR_PATH}/Podfile.lock\" \"${PODS_ROOT}/Manifest.lock\" > /dev/null\nif [ $? != 0 ] ; then\n    # print error to STDERR\n    echo \"error: The sandbox is not in sync with the Podfile.lock. Run 'pod install' or update your CocoaPods installation.\" >&2\n    exit 1\nfi\n# This output is used by Xcode 'outputs' to avoid re-running this script phase.\necho \"SUCCESS\" > \"${SCRIPT_OUTPUT_FILE_0}\"\n";
			showEnvVarsInLog = 0;
		};
/* End PBXShellScriptBuildPhase section */

/* Begin PBXSourcesBuildPhase section */
		A8787ABA21DF845C00E59C77 /* Sources */ = {
			isa = PBXSourcesBuildPhase;
			buildActionMask = 2147483647;
			files = (
				A8787AD821DFCCB800E59C77 /* Constants.swift in Sources */,
				A8787AC421DF845C00E59C77 /* IntroViewController.swift in Sources */,
				A89CB90321DFFDEE00FEB466 /* Data+extension.swift in Sources */,
				A8EA5F7621EA9DCF00474F17 /* ChapterCell.swift in Sources */,
				A89CB8FD21DFF2C900FEB466 /* IntroViewModel.swift in Sources */,
				A89CB8E521DFE59D00FEB466 /* ContainerViewController.swift in Sources */,
				A8EA5F6C21EA35F300474F17 /* SurasViewController.swift in Sources */,
				A89CB8F421DFEAD400FEB466 /* UIViewController.swift in Sources */,
				A89CB8F621DFEB4800FEB466 /* UIView.swift in Sources */,
				A89CB8F121DFEAAF00FEB466 /* UIButton + TouchArea.swift in Sources */,
				A8EA5F4E21E6967500474F17 /* Preferences.swift in Sources */,
				A8EA5F8B21EC821B00474F17 /* Translation.swift in Sources */,
				A89CB8EF21DFEAAF00FEB466 /* UIStoryboard.swift in Sources */,
				A8EA5F6421E91DFA00474F17 /* DownloadViewController.swift in Sources */,
				A89CB8FA21DFEFED00FEB466 /* ContainerViewModel.swift in Sources */,
				A8EA5F8F21EC858B00474F17 /* WordTranslation.swift in Sources */,
				A89CB8DF21DFE08500FEB466 /* QuranEndpoint.swift in Sources */,
				A8787AC221DF845C00E59C77 /* AppDelegate.swift in Sources */,
				A89CB8EE21DFEAAF00FEB466 /* UITableView.swift in Sources */,
				A8EA5F8221EBB15D00474F17 /* QuranDB.swift in Sources */,
				A89CB8F221DFEAAF00FEB466 /* UICollectionView.swift in Sources */,
				A8B2E17821F0C02C0058ED6A /* Words.swift in Sources */,
				A8EA5F8721EC032E00474F17 /* AyahCell.swift in Sources */,
				A8EA5F7F21EBAC7700474F17 /* SuraDetailViewModel.swift in Sources */,
				A89CB8F021DFEAAF00FEB466 /* UINavigationController+StatusBarStyle.swift in Sources */,
				A89CB8FF21DFF40300FEB466 /* NSObject+Rx.swift in Sources */,
				A8EA5F6621E92FA400474F17 /* DownloadViewModel.swift in Sources */,
				A82C8BD321ED19D90093212B /* Observable+Decodable.swift in Sources */,
				A8B2E17621F0C00F0058ED6A /* Ayats.swift in Sources */,
				A8EA5F7221EA3E1C00474F17 /* Sura.swift in Sources */,
				A8EA5F7B21EBAC4E00474F17 /* SuraDetailViewController.swift in Sources */,
				A89CB90121DFF5B600FEB466 /* Languages.swift in Sources */,
			);
			runOnlyForDeploymentPostprocessing = 0;
		};
/* End PBXSourcesBuildPhase section */

/* Begin PBXVariantGroup section */
		A8787AC521DF845C00E59C77 /* IntroViewController.storyboard */ = {
			isa = PBXVariantGroup;
			children = (
				A8787AC621DF845C00E59C77 /* Base */,
			);
			name = IntroViewController.storyboard;
			sourceTree = "<group>";
		};
/* End PBXVariantGroup section */

/* Begin XCBuildConfiguration section */
		A8787ACE21DF845F00E59C77 /* Debug */ = {
			isa = XCBuildConfiguration;
			buildSettings = {
				ALWAYS_SEARCH_USER_PATHS = NO;
				CLANG_ANALYZER_NONNULL = YES;
				CLANG_ANALYZER_NUMBER_OBJECT_CONVERSION = YES_AGGRESSIVE;
				CLANG_CXX_LANGUAGE_STANDARD = "gnu++14";
				CLANG_CXX_LIBRARY = "libc++";
				CLANG_ENABLE_MODULES = YES;
				CLANG_ENABLE_OBJC_ARC = YES;
				CLANG_ENABLE_OBJC_WEAK = YES;
				CLANG_WARN_BLOCK_CAPTURE_AUTORELEASING = YES;
				CLANG_WARN_BOOL_CONVERSION = YES;
				CLANG_WARN_COMMA = YES;
				CLANG_WARN_CONSTANT_CONVERSION = YES;
				CLANG_WARN_DEPRECATED_OBJC_IMPLEMENTATIONS = YES;
				CLANG_WARN_DIRECT_OBJC_ISA_USAGE = YES_ERROR;
				CLANG_WARN_DOCUMENTATION_COMMENTS = YES;
				CLANG_WARN_EMPTY_BODY = YES;
				CLANG_WARN_ENUM_CONVERSION = YES;
				CLANG_WARN_INFINITE_RECURSION = YES;
				CLANG_WARN_INT_CONVERSION = YES;
				CLANG_WARN_NON_LITERAL_NULL_CONVERSION = YES;
				CLANG_WARN_OBJC_IMPLICIT_RETAIN_SELF = YES;
				CLANG_WARN_OBJC_LITERAL_CONVERSION = YES;
				CLANG_WARN_OBJC_ROOT_CLASS = YES_ERROR;
				CLANG_WARN_RANGE_LOOP_ANALYSIS = YES;
				CLANG_WARN_STRICT_PROTOTYPES = YES;
				CLANG_WARN_SUSPICIOUS_MOVE = YES;
				CLANG_WARN_UNGUARDED_AVAILABILITY = YES_AGGRESSIVE;
				CLANG_WARN_UNREACHABLE_CODE = YES;
				CLANG_WARN__DUPLICATE_METHOD_MATCH = YES;
				CODE_SIGN_IDENTITY = "iPhone Developer";
				COPY_PHASE_STRIP = NO;
				DEBUG_INFORMATION_FORMAT = dwarf;
				ENABLE_STRICT_OBJC_MSGSEND = YES;
				ENABLE_TESTABILITY = YES;
				GCC_C_LANGUAGE_STANDARD = gnu11;
				GCC_DYNAMIC_NO_PIC = NO;
				GCC_NO_COMMON_BLOCKS = YES;
				GCC_OPTIMIZATION_LEVEL = 0;
				GCC_PREPROCESSOR_DEFINITIONS = (
					"DEBUG=1",
					"$(inherited)",
				);
				GCC_WARN_64_TO_32_BIT_CONVERSION = YES;
				GCC_WARN_ABOUT_RETURN_TYPE = YES_ERROR;
				GCC_WARN_UNDECLARED_SELECTOR = YES;
				GCC_WARN_UNINITIALIZED_AUTOS = YES_AGGRESSIVE;
				GCC_WARN_UNUSED_FUNCTION = YES;
				GCC_WARN_UNUSED_VARIABLE = YES;
				IPHONEOS_DEPLOYMENT_TARGET = 9.0;
				MTL_ENABLE_DEBUG_INFO = INCLUDE_SOURCE;
				MTL_FAST_MATH = YES;
				ONLY_ACTIVE_ARCH = YES;
				SDKROOT = iphoneos;
				SWIFT_ACTIVE_COMPILATION_CONDITIONS = DEBUG;
				SWIFT_OPTIMIZATION_LEVEL = "-Onone";
			};
			name = Debug;
		};
		A8787ACF21DF845F00E59C77 /* Release */ = {
			isa = XCBuildConfiguration;
			buildSettings = {
				ALWAYS_SEARCH_USER_PATHS = NO;
				CLANG_ANALYZER_NONNULL = YES;
				CLANG_ANALYZER_NUMBER_OBJECT_CONVERSION = YES_AGGRESSIVE;
				CLANG_CXX_LANGUAGE_STANDARD = "gnu++14";
				CLANG_CXX_LIBRARY = "libc++";
				CLANG_ENABLE_MODULES = YES;
				CLANG_ENABLE_OBJC_ARC = YES;
				CLANG_ENABLE_OBJC_WEAK = YES;
				CLANG_WARN_BLOCK_CAPTURE_AUTORELEASING = YES;
				CLANG_WARN_BOOL_CONVERSION = YES;
				CLANG_WARN_COMMA = YES;
				CLANG_WARN_CONSTANT_CONVERSION = YES;
				CLANG_WARN_DEPRECATED_OBJC_IMPLEMENTATIONS = YES;
				CLANG_WARN_DIRECT_OBJC_ISA_USAGE = YES_ERROR;
				CLANG_WARN_DOCUMENTATION_COMMENTS = YES;
				CLANG_WARN_EMPTY_BODY = YES;
				CLANG_WARN_ENUM_CONVERSION = YES;
				CLANG_WARN_INFINITE_RECURSION = YES;
				CLANG_WARN_INT_CONVERSION = YES;
				CLANG_WARN_NON_LITERAL_NULL_CONVERSION = YES;
				CLANG_WARN_OBJC_IMPLICIT_RETAIN_SELF = YES;
				CLANG_WARN_OBJC_LITERAL_CONVERSION = YES;
				CLANG_WARN_OBJC_ROOT_CLASS = YES_ERROR;
				CLANG_WARN_RANGE_LOOP_ANALYSIS = YES;
				CLANG_WARN_STRICT_PROTOTYPES = YES;
				CLANG_WARN_SUSPICIOUS_MOVE = YES;
				CLANG_WARN_UNGUARDED_AVAILABILITY = YES_AGGRESSIVE;
				CLANG_WARN_UNREACHABLE_CODE = YES;
				CLANG_WARN__DUPLICATE_METHOD_MATCH = YES;
				CODE_SIGN_IDENTITY = "iPhone Developer";
				COPY_PHASE_STRIP = NO;
				DEBUG_INFORMATION_FORMAT = "dwarf-with-dsym";
				ENABLE_NS_ASSERTIONS = NO;
				ENABLE_STRICT_OBJC_MSGSEND = YES;
				GCC_C_LANGUAGE_STANDARD = gnu11;
				GCC_NO_COMMON_BLOCKS = YES;
				GCC_WARN_64_TO_32_BIT_CONVERSION = YES;
				GCC_WARN_ABOUT_RETURN_TYPE = YES_ERROR;
				GCC_WARN_UNDECLARED_SELECTOR = YES;
				GCC_WARN_UNINITIALIZED_AUTOS = YES_AGGRESSIVE;
				GCC_WARN_UNUSED_FUNCTION = YES;
				GCC_WARN_UNUSED_VARIABLE = YES;
				IPHONEOS_DEPLOYMENT_TARGET = 9.0;
				MTL_ENABLE_DEBUG_INFO = NO;
				MTL_FAST_MATH = YES;
				SDKROOT = iphoneos;
				SWIFT_COMPILATION_MODE = wholemodule;
				SWIFT_OPTIMIZATION_LEVEL = "-O";
				VALIDATE_PRODUCT = YES;
			};
			name = Release;
		};
		A8787AD121DF845F00E59C77 /* Debug */ = {
			isa = XCBuildConfiguration;
			baseConfigurationReference = BF9DDD86D1739E6CF49D4342 /* Pods-QuranAcademy.debug.xcconfig */;
			buildSettings = {
				ASSETCATALOG_COMPILER_APPICON_NAME = AppIcon;
				CODE_SIGN_IDENTITY = "iPhone Distribution";
				CODE_SIGN_STYLE = Manual;
				CURRENT_PROJECT_VERSION = 1;
				DEVELOPMENT_TEAM = QHVX42PQ34;
				INFOPLIST_FILE = "$(SRCROOT)/QuranAcademy/Supporting Files/Info.plist";
				IPHONEOS_DEPLOYMENT_TARGET = 9.0;
				LD_RUNPATH_SEARCH_PATHS = (
					"$(inherited)",
					"@executable_path/Frameworks",
				);
				PRODUCT_BUNDLE_IDENTIFIER = com.quranacademy.quranapp;
				PRODUCT_NAME = "$(TARGET_NAME)";
				PROVISIONING_PROFILE_SPECIFIER = "com.quranacademy.quranapp AppStore";
				SWIFT_VERSION = 4.2;
				TARGETED_DEVICE_FAMILY = 1;
			};
			name = Debug;
		};
		A8787AD221DF845F00E59C77 /* Release */ = {
			isa = XCBuildConfiguration;
			baseConfigurationReference = 600C998A32E4979A7C2FF589 /* Pods-QuranAcademy.release.xcconfig */;
			buildSettings = {
				ASSETCATALOG_COMPILER_APPICON_NAME = AppIcon;
				CODE_SIGN_IDENTITY = "iPhone Distribution";
				CODE_SIGN_STYLE = Manual;
				CURRENT_PROJECT_VERSION = 1;
				DEVELOPMENT_TEAM = QHVX42PQ34;
				INFOPLIST_FILE = "$(SRCROOT)/QuranAcademy/Supporting Files/Info.plist";
				IPHONEOS_DEPLOYMENT_TARGET = 9.0;
				LD_RUNPATH_SEARCH_PATHS = (
					"$(inherited)",
					"@executable_path/Frameworks",
				);
				PRODUCT_BUNDLE_IDENTIFIER = com.quranacademy.quranapp;
				PRODUCT_NAME = "$(TARGET_NAME)";
				PROVISIONING_PROFILE_SPECIFIER = "com.quranacademy.quranapp AppStore";
				SWIFT_VERSION = 4.2;
				TARGETED_DEVICE_FAMILY = 1;
			};
			name = Release;
		};
/* End XCBuildConfiguration section */

/* Begin XCConfigurationList section */
		A8787AB921DF845C00E59C77 /* Build configuration list for PBXProject "QuranAcademy" */ = {
			isa = XCConfigurationList;
			buildConfigurations = (
				A8787ACE21DF845F00E59C77 /* Debug */,
				A8787ACF21DF845F00E59C77 /* Release */,
			);
			defaultConfigurationIsVisible = 0;
			defaultConfigurationName = Release;
		};
		A8787AD021DF845F00E59C77 /* Build configuration list for PBXNativeTarget "QuranAcademy" */ = {
			isa = XCConfigurationList;
			buildConfigurations = (
				A8787AD121DF845F00E59C77 /* Debug */,
				A8787AD221DF845F00E59C77 /* Release */,
			);
			defaultConfigurationIsVisible = 0;
			defaultConfigurationName = Release;
		};
/* End XCConfigurationList section */
	};
	rootObject = A8787AB621DF845C00E59C77 /* Project object */;
}
